
Microsoft Visual Studio Solution File, Format Version 12.00
# Visual Studio Version 17
VisualStudioVersion = 17.4.33122.133
MinimumVisualStudioVersion = 10.0.40219.1
Project("{FAE04EC0-301F-11D3-BF4B-00C04F79EFBC}") = "PRAKTIKA_1", "PRAKTIKA_1\PRAKTIKA_1.csproj", "{50E657A8-3994-4D3F-BF62-1B831CD19C8B}"
EndProject
Global
	GlobalSection(SolutionConfigurationPlatforms) = preSolution
		Debug|Any CPU = Debug|Any CPU
		Release|Any CPU = Release|Any CPU
	EndGlobalSection
	GlobalSection(ProjectConfigurationPlatforms) = postSolution
		{50E657A8-3994-4D3F-BF62-1B831CD19C8B}.Debug|Any CPU.ActiveCfg = Debug|Any CPU
		{50E657A8-3994-4D3F-BF62-1B831CD19C8B}.Debug|Any CPU.Build.0 = Debug|Any CPU
		{50E657A8-3994-4D3F-BF62-1B831CD19C8B}.Release|Any CPU.ActiveCfg = Release|Any CPU
		{50E657A8-3994-4D3F-BF62-1B831CD19C8B}.Release|Any CPU.Build.0 = Release|Any CPU
	EndGlobalSection
	GlobalSection(SolutionProperties) = preSolution
		HideSolutionNode = FALSE
	EndGlobalSection
	GlobalSection(ExtensibilityGlobals) = postSolution
		SolutionGuid = {6710A104-B65E-4FA7-91F6-D71DDFA92A00}
	EndGlobalSection
EndGlobal
